
Microsoft Visual Studio Solution File, Format Version 12.00
# Visual Studio Version 17
VisualStudioVersion = 17.7.34202.233
MinimumVisualStudioVersion = 10.0.40219.1
Project("{FAE04EC0-301F-11D3-BF4B-00C04F79EFBC}") = "RentalSys", "RentalSys\RentalSys.csproj", "{57C587DA-843C-49E3-938B-8A87ACA2B061}"
EndProject
Global
	GlobalSection(SolutionConfigurationPlatforms) = preSolution
		Debug|Any CPU = Debug|Any CPU
		Release|Any CPU = Release|Any CPU
	EndGlobalSection
	GlobalSection(ProjectConfigurationPlatforms) = postSolution
		{57C587DA-843C-49E3-938B-8A87ACA2B061}.Debug|Any CPU.ActiveCfg = Debug|Any CPU
		{57C587DA-843C-49E3-938B-8A87ACA2B061}.Debug|Any CPU.Build.0 = Debug|Any CPU
		{57C587DA-843C-49E3-938B-8A87ACA2B061}.Release|Any CPU.ActiveCfg = Release|Any CPU
		{57C587DA-843C-49E3-938B-8A87ACA2B061}.Release|Any CPU.Build.0 = Release|Any CPU
	EndGlobalSection
	GlobalSection(SolutionProperties) = preSolution
		HideSolutionNode = FALSE
	EndGlobalSection
	GlobalSection(ExtensibilityGlobals) = postSolution
		SolutionGuid = {2D4FF299-1427-4D4C-B475-7154CD8C8B8B}
	EndGlobalSection
EndGlobal
